
Microsoft Visual Studio Solution File, Format Version 12.00
# Visual Studio Version 17
VisualStudioVersion = 17.11.35312.102
MinimumVisualStudioVersion = 10.0.40219.1
Project("{9A19103F-16F7-4668-BE54-9A1E7A4F7556}") = "Calculadora", "Calculadora\Calculadora.csproj", "{DB341B06-1E51-4958-84FC-40E1F1E5C27D}"
EndProject
Project("{9A19103F-16F7-4668-BE54-9A1E7A4F7556}") = "PruebaCalculadora", "PruebaCalculadora\PruebaCalculadora.csproj", "{15426198-E9EF-49EC-914E-19DE59E936A0}"
EndProject
Project("{FAE04EC0-301F-11D3-BF4B-00C04F79EFBC}") = "ExamenInicioSeccionExitoso", "ExamenInicioSeccionExitoso\ExamenInicioSeccionExitoso.csproj", "{BFC64A74-A7F8-4AD8-91CB-A58D7E6C723D}"
EndProject
Global
	GlobalSection(SolutionConfigurationPlatforms) = preSolution
		Debug|Any CPU = Debug|Any CPU
		Release|Any CPU = Release|Any CPU
	EndGlobalSection
	GlobalSection(ProjectConfigurationPlatforms) = postSolution
		{DB341B06-1E51-4958-84FC-40E1F1E5C27D}.Debug|Any CPU.ActiveCfg = Debug|Any CPU
		{DB341B06-1E51-4958-84FC-40E1F1E5C27D}.Debug|Any CPU.Build.0 = Debug|Any CPU
		{DB341B06-1E51-4958-84FC-40E1F1E5C27D}.Release|Any CPU.ActiveCfg = Release|Any CPU
		{DB341B06-1E51-4958-84FC-40E1F1E5C27D}.Release|Any CPU.Build.0 = Release|Any CPU
		{15426198-E9EF-49EC-914E-19DE59E936A0}.Debug|Any CPU.ActiveCfg = Debug|Any CPU
		{15426198-E9EF-49EC-914E-19DE59E936A0}.Debug|Any CPU.Build.0 = Debug|Any CPU
		{15426198-E9EF-49EC-914E-19DE59E936A0}.Release|Any CPU.ActiveCfg = Release|Any CPU
		{15426198-E9EF-49EC-914E-19DE59E936A0}.Release|Any CPU.Build.0 = Release|Any CPU
		{BFC64A74-A7F8-4AD8-91CB-A58D7E6C723D}.Debug|Any CPU.ActiveCfg = Debug|Any CPU
		{BFC64A74-A7F8-4AD8-91CB-A58D7E6C723D}.Debug|Any CPU.Build.0 = Debug|Any CPU
		{BFC64A74-A7F8-4AD8-91CB-A58D7E6C723D}.Release|Any CPU.ActiveCfg = Release|Any CPU
		{BFC64A74-A7F8-4AD8-91CB-A58D7E6C723D}.Release|Any CPU.Build.0 = Release|Any CPU
	EndGlobalSection
	GlobalSection(SolutionProperties) = preSolution
		HideSolutionNode = FALSE
	EndGlobalSection
	GlobalSection(ExtensibilityGlobals) = postSolution
		SolutionGuid = {17C216EA-0A76-4DC8-9201-B0FF91BCC466}
	EndGlobalSection
EndGlobal
